lockfileVersion: '9.0'

settings:
  autoInstallPeers: true
  excludeLinksFromLockfile: false

importers:

  .:
    dependencies:
      '@types/react-syntax-highlighter':
        specifier: ^15.5.13
        version: 15.5.13
      d3-force:
        specifier: ^3.0.0
        version: 3.0.0
      react-force-graph:
        specifier: ^1.44.5
        version: 1.44.5(react@18.3.1)(three@0.169.0)
      react-syntax-highlighter:
        specifier: ^15.5.0
        version: 15.5.0(react@18.3.1)

packages:

  3d-force-graph-ar@1.8.4:
    resolution: {integrity: sha512-GnggtrFODQqEfkFTJeQnPvwQVcYtJ81cE5/lsFdDumLkPWB2WoHSbs5k2tSNCZVGIUsKQs5kkEGCbNDeOhueiw==}
    engines: {node: '>=12'}

  3d-force-graph-vr@2.2.5:
    resolution: {integrity: sha512-Lq31Ido+QQE0iWZNmyKVcsY2rmyMJaBzRgqG/4zZUY2nOBOmf/8TQF7kHSsW564UaZtx4FvjamHyVSkenPy9BA==}
    engines: {node: '>=12'}

  3d-force-graph@1.73.4:
    resolution: {integrity: sha512-eMHZ1LVzh9APLv+An0AXz2dVPwasJlqAnJ61ABlb1qaO6DYuqIUTTErh0DN/24nIWJu1jCim2WiVujzz7slnWQ==}
    engines: {node: '>=12'}

  '@babel/runtime@7.25.7':
    resolution: {integrity: sha512-FjoyLe754PMiYsFaN5C94ttGiOmBNYTf6pLr4xXHAT5uctHb092PBszndLDR5XA/jghQvn4n7JMHl7dmTgbm9w==}
    engines: {node: '>=6.9.0'}

  '@sindresorhus/is@0.14.0':
    resolution: {integrity: sha512-9NET910DNaIPngYnLLPeg+Ogzqsi9uM4mSboU5y6p8S5DzMTVEsJZrawi+BoDNUVBa2DhJqQYUFvMDfgU062LQ==}
    engines: {node: '>=6'}

  '@szmarczak/http-timer@1.1.2':
    resolution: {integrity: sha512-XIB2XbzHTN6ieIjfIMV9hlVcfPU26s2vafYWQcZHWXHOxiaRZYEDKEwdl129Zyg50+foYV2jCgtrqSA6qNuNSA==}
    engines: {node: '>=6'}

  '@tweenjs/tween.js@25.0.0':
    resolution: {integrity: sha512-XKLA6syeBUaPzx4j3qwMqzzq+V4uo72BnlbOjmuljLrRqdsd3qnzvZZoxvMHZ23ndsRS4aufU6JOZYpCbU6T1A==}

  '@types/hast@2.3.10':
    resolution: {integrity: sha512-McWspRw8xx8J9HurkVBfYj0xKoE25tOFlHGdx4MJ5xORQrMGZNqJhVQWaIbm6Oyla5kYOXtDiopzKRJzEOkwJw==}

  '@types/keyv@3.1.4':
    resolution: {integrity: sha512-BQ5aZNSCpj7D6K2ksrRCTmKRLEpnPvWDiLPfoGyhZ++8YtiK9d/3DBKPJgry359X/P1PfruyYwvnvwFjuEiEIg==}

  '@types/node@22.7.5':
    resolution: {integrity: sha512-jML7s2NAzMWc//QSJ1a3prpk78cOPchGvXJsC3C6R6PSMoooztvRVQEz89gmBTBY1SPMaqo5teB4uNHPdetShQ==}

  '@types/prop-types@15.7.13':
    resolution: {integrity: sha512-hCZTSvwbzWGvhqxp/RqVqwU999pBf2vp7hzIjiYOsl8wqOmUxkQ6ddw1cV3l8811+kdUFus/q4d1Y3E3SyEifA==}

  '@types/react-syntax-highlighter@15.5.13':
    resolution: {integrity: sha512-uLGJ87j6Sz8UaBAooU0T6lWJ0dBmjZgN1PZTrj05TNql2/XpC6+4HhMT5syIdFUUt+FASfCeLLv4kBygNU+8qA==}

  '@types/react@18.3.11':
    resolution: {integrity: sha512-r6QZ069rFTjrEYgFdOck1gK7FLVsgJE7tTz0pQBczlBNUhBNk0MQH4UbnFSwjpQLMkLzgqvBBa+qGpLje16eTQ==}

  '@types/responselike@1.0.3':
    resolution: {integrity: sha512-H/+L+UkTV33uf49PH5pCAUBVPNj2nDBXTN+qS1dOwyyg24l3CcicicCA7ca+HMvJBZcFgl5r8e+RR6elsb4Lyw==}

  '@types/unist@2.0.11':
    resolution: {integrity: sha512-CmBKiL6NNo/OqgmMn95Fk9Whlp2mtvIv+KNpQKN2F4SjvrEesubTRWGYSg+BnWZOnlCaSTU1sMpsBOzgbYhnsA==}

  accessor-fn@1.5.1:
    resolution: {integrity: sha512-zZpFYBqIL1Aqg+f2qmYHJ8+yIZF7/tP6PUGx2/QM0uGPSO5UegpinmkNwDohxWtOj586BpMPVRUjce2HI6xB3A==}
    engines: {node: '>=12'}

  aframe-extras@7.5.1:
    resolution: {integrity: sha512-RKMGHOJTXCCpeD6fcIFP3G0Bqdij+htafFyDut/onrV7XxvxXgR5S+h4zy8tDIBkvQ0WCU33dD+TwBlDl74XLA==}

  aframe-forcegraph-component@3.0.8:
    resolution: {integrity: sha512-ir1SzOYWYVQ4wtG18QwZRR/aVeZlZDXDbcRgFxSIc8A1YB6Mz3Mh0f0zMFKE3jAq481xNgpktxMvsWGZTPi63Q==}

  aframe@1.6.0:
    resolution: {integrity: sha512-+P1n2xKGZQbCNW4lTwfue9in2KmfAwYD/BZOU5uXKrJCTegPyUZZX/haJRR9Rb33ij+KPj3vFdwT5ALaucXTNA==}
    engines: {node: '>= 4.6.0', npm: '>= 2.15.9'}

  an-array@1.0.0:
    resolution: {integrity: sha512-M175GYI7RmsYu24Ok383yZQa3eveDfNnmhTe3OQ3bm70bEovz2gWenH+ST/n32M8lrwLWk74hcPds5CDRPe2wg==}

  array-shuffle@1.0.1:
    resolution: {integrity: sha512-PBqgo1Y2XWSksBzq3GFPEb798ZrW2snAcmr4drbVeF/6MT/5aBlkGJEvu5A/CzXHf4EjbHOj/ZowatjlIiVidA==}
    engines: {node: '>=0.10.0'}

  as-number@1.0.0:
    resolution: {integrity: sha512-HkI/zLo2AbSRO4fqVkmyf3hms0bJDs3iboHqTrNuwTiCRvdYXM7HFhfhB6Dk51anV2LM/IMB83mtK9mHw4FlAg==}

  base64-js@1.5.1:
    resolution: {integrity: sha512-AKpaYlHn8t4SVbOHCy+b5+KKgvR4vrsD8vbvrbiQJps7fKDTkjkDry6ji0rUJjC0kzbNePLwzxq8iypo41qeWA==}

  bezier-js@6.1.4:
    resolution: {integrity: sha512-PA0FW9ZpcHbojUCMu28z9Vg/fNkwTj5YhusSAjHHDfHDGLxJ6YUKrAN2vk1fP2MMOxVw4Oko16FMlRGVBGqLKg==}

  buffer-equal@0.0.1:
    resolution: {integrity: sha512-RgSV6InVQ9ODPdLWJ5UAqBqJBOg370Nz6ZQtRzpt6nUjc8v0St97uJ4PYC6NztqIScrAXafKM3mZPMygSe1ggA==}
    engines: {node: '>=0.4.0'}

  buffer@6.0.3:
    resolution: {integrity: sha512-FTiCpNxtwiZZHEZbcbTIcZjERVICn9yq/pDFkTl95/AxzD1naBctN7YO68riM/gLSDY7sdrMby8hofADYuuqOA==}

  cacheable-request@6.1.0:
    resolution: {integrity: sha512-Oj3cAGPCqOZX7Rz64Uny2GYAZNliQSqfbePrgAQ1wKAihYmCUnraBtJtKcGR4xz7wF+LoJC+ssFZvv5BgF9Igg==}
    engines: {node: '>=8'}

  canvas-color-tracker@1.3.1:
    resolution: {integrity: sha512-eNycxGS7oQ3IS/9QQY41f/aQjiO9Y/MtedhCgSdsbLSxC9EyUD8L3ehl/Q3Kfmvt8um79S45PBV+5Rxm5ztdSw==}
    engines: {node: '>=12'}

  cardboard-vr-display@1.0.19:
    resolution: {integrity: sha512-+MjcnWKAkb95p68elqZLDPzoiF/dGncQilLGvPBM5ZorABp/ao3lCs7nnRcYBckmuNkg1V/5rdGDKoUaCVsHzQ==}

  centra@2.7.0:
    resolution: {integrity: sha512-PbFMgMSrmgx6uxCdm57RUos9Tc3fclMvhLSATYN39XsDV29B89zZ3KA89jmY0vwSGazyU+uerqwa6t+KaodPcg==}

  character-entities-legacy@1.1.4:
    resolution: {integrity: sha512-3Xnr+7ZFS1uxeiUDvV02wQ+QDbc55o97tIV5zHScSPJpcLm/r0DFPcoY3tYRp+VZukxuMeKgXYmsXQHO05zQeA==}

  character-entities@1.2.4:
    resolution: {integrity: sha512-iBMyeEHxfVnIakwOuDXpVkc54HijNgCyQB2w0VfGQThle6NXn50zU6V/u+LDhxHcDUPojn6Kpga3PTAD8W1bQw==}

  character-reference-invalid@1.1.4:
    resolution: {integrity: sha512-mKKUkUbhPpQlCOfIuZkvSEgktjPFIsZKRRbC6KWVEMvlzblj3i3asQv5ODsrwt0N3pHAEvjP8KTQPHkp0+6jOg==}

  clone-response@1.0.3:
    resolution: {integrity: sha512-ROoL94jJH2dUVML2Y/5PEDNaSHgeOdSDicUyS7izcF63G6sTc/FTjLub4b8Il9S8S0beOfYt0TaA5qvFK+w0wA==}

  comma-separated-tokens@1.0.8:
    resolution: {integrity: sha512-GHuDRO12Sypu2cV70d1dkA2EUmXHgntrzbpvOB+Qy+49ypNfGgFQIC2fhhXbnyrJRynDCAARsT7Ou0M6hirpfw==}

  csstype@3.1.3:
    resolution: {integrity: sha512-M1uQkMl8rQK/szD0LNhtqxIPLpimGm8sOBwU7lLnCpSbTyY3yeU1Vc7l4KT5zT4s/yOxHH5O7tIuuLOCnLADRw==}

  d3-array@3.2.4:
    resolution: {integrity: sha512-tdQAmyA18i4J7wprpYq8ClcxZy3SC31QMeByyCFyRt7BVHdREQZ5lpzoe5mFEYZUWe+oq8HBvk9JjpibyEV4Jg==}
    engines: {node: '>=12'}

  d3-binarytree@1.0.2:
    resolution: {integrity: sha512-cElUNH+sHu95L04m92pG73t2MEJXKu+GeKUN1TJkFsu93E5W8E9Sc3kHEGJKgenGvj19m6upSn2EunvMgMD2Yw==}

  d3-color@3.1.0:
    resolution: {integrity: sha512-zg/chbXyeBtMQ1LbD/WSoW2DpC3I0mpmPdW+ynRTj/x2DAWYrIY7qeZIHidozwV24m4iavr15lNwIwLxRmOxhA==}
    engines: {node: '>=12'}

  d3-dispatch@3.0.1:
    resolution: {integrity: sha512-rzUyPU/S7rwUflMyLc1ETDeBj0NRuHKKAcvukozwhshr6g6c5d8zh4c2gQjY2bZ0dXeGLWc1PF174P2tVvKhfg==}
    engines: {node: '>=12'}

  d3-drag@3.0.0:
    resolution: {integrity: sha512-pWbUJLdETVA8lQNJecMxoXfH6x+mO2UQo8rSmZ+QqxcbyA3hfeprFgIT//HW2nlHChWeIIMwS2Fq+gEARkhTkg==}
    engines: {node: '>=12'}

  d3-ease@3.0.1:
    resolution: {integrity: sha512-wR/XK3D3XcLIZwpbvQwQ5fK+8Ykds1ip7A2Txe0yxncXSdq1L9skcG7blcedkOX+ZcgxGAmLX1FrRGbADwzi0w==}
    engines: {node: '>=12'}

  d3-force-3d@3.0.5:
    resolution: {integrity: sha512-tdwhAhoTYZY/a6eo9nR7HP3xSW/C6XvJTbeRpR92nlPzH6OiE+4MliN9feuSFd0tPtEUo+191qOhCTWx3NYifg==}
    engines: {node: '>=12'}

  d3-force@3.0.0:
    resolution: {integrity: sha512-zxV/SsA+U4yte8051P4ECydjD/S+qeYtnaIyAs9tgHCqfguma/aAQDjo85A9Z6EKhBirHRJHXIgJUlffT4wdLg==}
    engines: {node: '>=12'}

  d3-format@3.1.0:
    resolution: {integrity: sha512-YyUI6AEuY/Wpt8KWLgZHsIU86atmikuoOmCfommt0LYHiQSPjvX2AcFc38PX0CBpr2RCyZhjex+NS/LPOv6YqA==}
    engines: {node: '>=12'}

  d3-interpolate@3.0.1:
    resolution: {integrity: sha512-3bYs1rOD33uo8aqJfKP3JWPAibgw8Zm2+L9vBKEHJ2Rg+viTR7o5Mmv5mZcieN+FRYaAOWX5SJATX6k1PWz72g==}
    engines: {node: '>=12'}

  d3-octree@1.0.2:
    resolution: {integrity: sha512-Qxg4oirJrNXauiuC94uKMbgxwnhdda9xRLl9ihq45srlJ4Ga3CSgqGcAL8iW7N5CIv4Oz8x3E734ulxyvHPvwA==}

  d3-quadtree@3.0.1:
    resolution: {integrity: sha512-04xDrxQTDTCFwP5H6hRhsRcb9xxv2RzkcsygFzmkSIOJy3PeRJP7sNk3VRIbKXcog561P9oU0/rVH6vDROAgUw==}
    engines: {node: '>=12'}

  d3-scale-chromatic@3.1.0:
    resolution: {integrity: sha512-A3s5PWiZ9YCXFye1o246KoscMWqf8BsD9eRiJ3He7C9OBaxKhAd5TFCdEx/7VbKtxxTsu//1mMJFrEt572cEyQ==}
    engines: {node: '>=12'}

  d3-scale@4.0.2:
    resolution: {integrity: sha512-GZW464g1SH7ag3Y7hXjf8RoUuAFIqklOAq3MRl4OaWabTFJY9PN/E1YklhXLh+OQ3fM9yS2nOkCoS+WLZ6kvxQ==}
    engines: {node: '>=12'}

  d3-selection@3.0.0:
    resolution: {integrity: sha512-fmTRWbNMmsmWq6xJV8D19U/gw/bwrHfNXxrIN+HfZgnzqTHp9jOmKMhsTUjXOJnZOdZY9Q28y4yebKzqDKlxlQ==}
    engines: {node: '>=12'}

  d3-time-format@4.1.0:
    resolution: {integrity: sha512-dJxPBlzC7NugB2PDLwo9Q8JiTR3M3e4/XANkreKSUxF8vvXKqm1Yfq4Q5dl8budlunRVlUUaDUgFt7eA8D6NLg==}
    engines: {node: '>=12'}

  d3-time@3.1.0:
    resolution: {integrity: sha512-VqKjzBLejbSMT4IgbmVgDjpkYrNWUYJnbCGo874u7MMKIWsILRX+OpX/gTk8MqjpT1A/c6HY2dCA77ZN0lkQ2Q==}
    engines: {node: '>=12'}

  d3-timer@3.0.1:
    resolution: {integrity: sha512-ndfJ/JxxMd3nw31uyKoY2naivF+r29V+Lc0svZxe1JvvIRmi8hUsrMvdOwgS1o6uBHmiz91geQ0ylPP0aj1VUA==}
    engines: {node: '>=12'}

  d3-transition@3.0.1:
    resolution: {integrity: sha512-ApKvfjsSR6tg06xrL434C0WydLr7JewBB3V+/39RMHsaXTOG0zmt/OAXeng5M5LBm0ojmxJrpomQVZ1aPvBL4w==}
    engines: {node: '>=12'}
    peerDependencies:
      d3-selection: 2 - 3

  d3-zoom@3.0.0:
    resolution: {integrity: sha512-b8AmV3kfQaqWAuacbPuNbL6vahnOJflOhexLzMMNLga62+/nh0JzvJ0aO/5a5MVgUFGS7Hu1P9P03o3fJkDCyw==}
    engines: {node: '>=12'}

  data-joint@1.3.1:
    resolution: {integrity: sha512-tMK0m4OVGqiA3zkn8JmO6YAqD8UwJqIAx4AAwFl1SKTtKAqcXePuT+n2aayiX9uITtlN3DFtKKTOxJRUc2+HvQ==}
    engines: {node: '>=12'}

  debug@4.3.7:
    resolution: {integrity: sha512-Er2nc/H7RrMXZBFCEim6TCmMk02Z8vLC2Rbi1KEBggpo0fS6l0S1nnapwmIi3yW/+GOJap1Krg4w0Hg80oCqgQ==}
    engines: {node: '>=6.0'}
    peerDependencies:
      supports-color: '*'
    peerDependenciesMeta:
      supports-color:
        optional: true

  decompress-response@3.3.0:
    resolution: {integrity: sha512-BzRPQuY1ip+qDonAOz42gRm/pg9F768C+npV/4JOsxRC2sq+Rlk+Q4ZCAsOhnIaMrgarILY+RMUIvMmmX1qAEA==}
    engines: {node: '>=4'}

  deep-assign@2.0.0:
    resolution: {integrity: sha512-2QhG3Kxulu4XIF3WL5C5x0sc/S17JLgm1SfvDfIRsR/5m7ZGmcejII7fZ2RyWhN0UWIJm0TNM/eKow6LAn3evQ==}
    engines: {node: '>=0.10.0'}

  defer-to-connect@1.1.3:
    resolution: {integrity: sha512-0ISdNousHvZT2EiFlZeZAHBUvSxmKswVCEf8hW7KWgG4a8MVEu/3Vb6uWYozkjylyCxe0JBIiRB1jV45S70WVQ==}

  dom-walk@0.1.2:
    resolution: {integrity: sha512-6QvTW9mrGeIegrFXdtQi9pk7O/nSK6lSdXW2eqUspN5LWD7UTji2Fqw5V2YLjBpHEoU9Xl/eUWNpDeZvoyOv2w==}

  dtype@2.0.0:
    resolution: {integrity: sha512-s2YVcLKdFGS0hpFqJaTwscsyt0E8nNFdmo73Ocd81xNPj4URI4rj6D60A+vFMIw7BXWlb4yRkEwfBqcZzPGiZg==}
    engines: {node: '>= 0.8.0'}

  duplexer3@0.1.5:
    resolution: {integrity: sha512-1A8za6ws41LQgv9HrE/66jyC5yuSjQ3L/KOpFtoBilsAK2iA2wuS5rTt1OCzIvtS2V7nVmedsUU+DGRcjBmOYA==}

  end-of-stream@1.4.4:
    resolution: {integrity: sha512-+uw1inIHVPQoaVuHzRyXd21icM+cnt4CzD5rW+NC1wjOUSTOs+Te7FOv7AhN7vS9x/oIyhLP5PR1H+phQAHu5Q==}

  fault@1.0.4:
    resolution: {integrity: sha512-CJ0HCB5tL5fYTEA7ToAq5+kTwd++Borf1/bifxd9iT70QcXr4MRrO3Llf8Ifs70q+SJcGHFtnIE/Nw6giCtECA==}

  follow-redirects@1.15.9:
    resolution: {integrity: sha512-gew4GsXizNgdoRyqmyfMHyAmXsZDk6mHkSxZFCzW9gwlbtOW44CDtYavM+y+72qD/Vq2l550kMF52DT8fOLJqQ==}
    engines: {node: '>=4.0'}
    peerDependencies:
      debug: '*'
    peerDependenciesMeta:
      debug:
        optional: true

  force-graph@1.44.1:
    resolution: {integrity: sha512-rCbq9l3NQCDJwLMT2N+B0EJ1ir9N9h541MkdgLs/pei2iHEZpZG1ihmNOFONYriVZnPMeHJohMuB9av/6nW9Hg==}
    engines: {node: '>=12'}

  format@0.2.2:
    resolution: {integrity: sha512-wzsgA6WOq+09wrU1tsJ09udeR/YZRaeArL9e1wPbFg3GG2yDnC2ldKpxs4xunpFF9DgqCqOIra3bc1HWrJ37Ww==}
    engines: {node: '>=0.4.x'}

  fromentries@1.3.2:
    resolution: {integrity: sha512-cHEpEQHUg0f8XdtZCc2ZAhrHzKzT0MrFUTcvx+hfxYu7rGMDc5SKoXFh+n4YigxsHXRzc6OrCshdR1bWH6HHyg==}

  get-stream@4.1.0:
    resolution: {integrity: sha512-GMat4EJ5161kIy2HevLlr4luNjBgvmj413KaQA7jt4V8B4RDsfpHk7WQ9GVqfYyyx8OS/L66Kox+rJRNklLK7w==}
    engines: {node: '>=6'}

  get-stream@5.2.0:
    resolution: {integrity: sha512-nBF+F1rAZVCu/p7rjzgA+Yb4lfYXrpl7a6VmJrU8wF9I1CKvP/QwPNZHnOlwbTkY6dvtFIzFMSyQXbLoTQPRpA==}
    engines: {node: '>=8'}

  gl-preserve-state@1.0.0:
    resolution: {integrity: sha512-zQZ25l3haD4hvgJZ6C9+s0ebdkW9y+7U2qxvGu1uWOJh8a4RU+jURIKEQhf8elIlFpMH6CrAY2tH0mYrRjet3Q==}

  global@4.4.0:
    resolution: {integrity: sha512-wv/LAoHdRE3BeTGz53FAamhGlPLhlssK45usmGFThIi4XqnBmjKQ16u+RNbP7WvigRZDxUsM0J3gcQ5yicaL0w==}

  got@9.6.0:
    resolution: {integrity: sha512-R7eWptXuGYxwijs0eV+v3o6+XH1IqVK8dJOEecQfTmkncw9AV4dcw/Dhxi8MdlqPthxxpZyizMzyg8RTmEsG+Q==}
    engines: {node: '>=8.6'}

  hast-util-parse-selector@2.2.5:
    resolution: {integrity: sha512-7j6mrk/qqkSehsM92wQjdIgWM2/BW61u/53G6xmC8i1OmEdKLHbk419QKQUjz6LglWsfqoiHmyMRkP1BGjecNQ==}

  hastscript@6.0.0:
    resolution: {integrity: sha512-nDM6bvd7lIqDUiYEiu5Sl/+6ReP0BMk/2f4U/Rooccxkj0P5nm+acM5PrGJ/t5I8qPGiqZSE6hVAwZEdZIvP4w==}

  highlight.js@10.7.3:
    resolution: {integrity: sha512-tzcUFauisWKNHaRkN4Wjl/ZA07gENAjFl3J/c480dprkGTg5EQstgaNFqBfUqCq54kZRIEcreTsAgF/m2quD7A==}

  http-cache-semantics@4.1.1:
    resolution: {integrity: sha512-er295DKPVsV82j5kw1Gjt+ADA/XYHsajl82cGNQG2eyoPkvgUhX+nDIyelzhIWbbsXP39EHcI6l5tYs2FYqYXQ==}

  ieee754@1.2.1:
    resolution: {integrity: sha512-dcyqhDvX1C46lXZcVqCpK+FtMRQVdIMN6/Df5js2zouUsqG7I6sFxitIC+7KYK29KdXOLHdu9zL4sFnoVQnqaA==}

  index-array-by@1.4.2:
    resolution: {integrity: sha512-SP23P27OUKzXWEC/TOyWlwLviofQkCSCKONnc62eItjp69yCZZPqDQtr3Pw5gJDnPeUMqExmKydNZaJO0FU9pw==}
    engines: {node: '>=12'}

  internmap@2.0.3:
    resolution: {integrity: sha512-5Hh7Y1wQbvY5ooGgPbDaL5iYLAPzMTUrjMulskHLH6wnv/A+1q5rgEaiuqEjB+oxGXIVZs1FF+R/KPN3ZSQYYg==}
    engines: {node: '>=12'}

  is-alphabetical@1.0.4:
    resolution: {integrity: sha512-DwzsA04LQ10FHTZuL0/grVDk4rFoVH1pjAToYwBrHSxcrBIGQuXrQMtD5U1b0U2XVgKZCTLLP8u2Qxqhy3l2Vg==}

  is-alphanumerical@1.0.4:
    resolution: {integrity: sha512-UzoZUr+XfVz3t3v4KyGEniVL9BDRoQtY7tOyrRybkVNjDFWyo1yhXNGrrBTQxp3ib9BLAWs7k2YKBQsFRkZG9A==}

  is-buffer@1.1.6:
    resolution: {integrity: sha512-NcdALwpXkTm5Zvvbk7owOUSvVvBKDgKP5/ewfXEznmQFfs4ZRmanOeKBTjRVjka3QFoN6XJ+9F3USqfHqTaU5w==}

  is-decimal@1.0.4:
    resolution: {integrity: sha512-RGdriMmQQvZ2aqaQq3awNA6dCGtKpiDFcOzrTWrDAT2MiWrKQVPmxLGHl7Y2nNu6led0kEyoX0enY0qXYsv9zw==}

  is-function@1.0.2:
    resolution: {integrity: sha512-lw7DUp0aWXYg+CBCN+JKkcE0Q2RayZnSvnZBlwgxHBQhqt5pZNVy4Ri7H9GmmXkdu7LUthszM+Tor1u/2iBcpQ==}

  is-hexadecimal@1.0.4:
    resolution: {integrity: sha512-gyPJuv83bHMpocVYoqof5VDiZveEoGoFL8m3BXNb2VW8Xs+rz9kqO8LOQ5DH6EsuvilT1ApazU0pyl+ytbPtlw==}

  is-obj@1.0.1:
    resolution: {integrity: sha512-l4RyHgRqGN4Y3+9JHVrNqO+tN0rV5My76uW5/nuO4K1b6vw5G8d/cmFjP9tRfEsdhZNt0IFdZuK/c2Vr4Nb+Qg==}
    engines: {node: '>=0.10.0'}

  jerrypick@1.1.1:
    resolution: {integrity: sha512-XTtedPYEyVp4t6hJrXuRKr/jHj8SC4z+4K0b396PMkov6muL+i8IIamJIvZWe3jUspgIJak0P+BaWKawMYNBLg==}
    engines: {node: '>=12'}

  js-tokens@4.0.0:
    resolution: {integrity: sha512-RdJUflcE3cUzKiMqQgsCu06FPu9UdIJO0beYbPhHN4k6apgJtifcoCtT9bcxOpYBtpD2kCM6Sbzg4CausW/PKQ==}

  json-buffer@3.0.0:
    resolution: {integrity: sha512-CuUqjv0FUZIdXkHPI8MezCnFCdaTAacej1TZYulLoAg1h/PhwkdXFN4V/gzY4g+fMBCOV2xF+rp7t2XD2ns/NQ==}

  kapsule@1.14.6:
    resolution: {integrity: sha512-wSi6tHNOfXrIK2Pvv6BhZ9ukzhbp+XZlOOPWSVGUbqfFsnnli4Eq8FN6TaWJv2e17sY5+fKYVxa4DP2oPGlKhg==}
    engines: {node: '>=12'}

  keyv@3.1.0:
    resolution: {integrity: sha512-9ykJ/46SN/9KPM/sichzQ7OvXyGDYKGTaDlKMGCAlg2UK8KRy4jb0d8sFc+0Tt0YYnThq8X2RZgCg74RPxgcVA==}

  layout-bmfont-text@1.3.4:
    resolution: {integrity: sha512-mceomHZ8W7pSKQhTdLvOe1Im4n37u8xa5Gr0J3KPCHRMO/9o7+goWIOzZcUUd+Xgzy3+22bvoIQ0OaN3LRtgaw==}

  load-bmfont@1.4.2:
    resolution: {integrity: sha512-qElWkmjW9Oq1F9EI5Gt7aD9zcdHb9spJCW1L/dmPf7KzCCEJxq8nhHz5eCgI9aMf7vrG/wyaCqdsI+Iy9ZTlog==}

  lodash-es@4.17.21:
    resolution: {integrity: sha512-mKnC+QJ9pWVzv+C4/U3rRsHapFfHvQFoFB92e52xeyGMcX6/OlIl78je1u8vePzYZSkkogMPJ2yjxxsb89cxyw==}

  loose-envify@1.4.0:
    resolution: {integrity: sha512-lyuxPGr/Wfhrlem2CL/UcnUc1zcqKAImBDzukY7Y5F/yQiNdko6+fRLevlw1HgMySw7f611UIY408EtxRSoK3Q==}
    hasBin: true

  lowercase-keys@1.0.1:
    resolution: {integrity: sha512-G2Lj61tXDnVFFOi8VZds+SoQjtQC3dgokKdDG2mTm1tx4m50NUHBOZSBwQQHyy0V12A0JTG4icfZQH+xPyh8VA==}
    engines: {node: '>=0.10.0'}

  lowercase-keys@2.0.0:
    resolution: {integrity: sha512-tqNXrS78oMOE73NMxK4EMLQsQowWf8jKooH9g7xPavRT706R6bkQJ6DY2Te7QukaZsulxa30wQ7bk0pm4XiHmA==}
    engines: {node: '>=8'}

  lowlight@1.20.0:
    resolution: {integrity: sha512-8Ktj+prEb1RoCPkEOrPMYUN/nCggB7qAWe3a7OpMjWQkh3l2RD5wKRQ+o8Q8YuI9RG/xs95waaI/E6ym/7NsTw==}

  map-limit@0.0.1:
    resolution: {integrity: sha512-pJpcfLPnIF/Sk3taPW21G/RQsEEirGaFpCW3oXRwH9dnFHPHNGjNyvh++rdmC2fNqEaTw2MhYJraoJWAHx8kEg==}

  mime@1.6.0:
    resolution: {integrity: sha512-x0Vn8spI+wuJ1O6S7gnbaQg8Pxh4NNHb7KSINmEWKiPE4RKOplvijn+NkmYmmRgP68mc70j2EbeTFRsrswaQeg==}
    engines: {node: '>=4'}
    hasBin: true

  mimic-response@1.0.1:
    resolution: {integrity: sha512-j5EctnkH7amfV/q5Hgmoal1g2QHFJRraOtmx0JpIqkxhBhI/lJSl1nMpQ45hVarwNETOoWEimndZ4QK0RHxuxQ==}
    engines: {node: '>=4'}

  min-document@2.19.0:
    resolution: {integrity: sha512-9Wy1B3m3f66bPPmU5hdA4DR4PB2OfDU/+GS3yAB7IQozE3tqXaVv2zOjgla7MEGSRv95+ILmOuvhLkOK6wJtCQ==}

  minimist@1.2.8:
    resolution: {integrity: sha512-2yyAR8qBkN3YuheJanUpWC5U3bb5osDywNB8RzDVlDwDHbocAJveqqj1u8+SVD7jkWT4yvsHCpWqqWqAxb0zCA==}

  ms@2.1.3:
    resolution: {integrity: sha512-6FlzubTLZG3J2a/NVCAleEhjzq5oxgHyaCU9yYXvcLsvoVaHJq/s5xXI6/XXP6tz7R9xAOtHnSO/tXtF3WRTlA==}

  new-array@1.0.0:
    resolution: {integrity: sha512-K5AyFYbuHZ4e/ti52y7k18q8UHsS78FlRd85w2Fmsd6AkuLipDihPflKC0p3PN5i8II7+uHxo+CtkLiJDfmS5A==}

  ngraph.events@1.2.2:
    resolution: {integrity: sha512-JsUbEOzANskax+WSYiAPETemLWYXmixuPAlmZmhIbIj6FH/WDgEGCGnRwUQBK0GjOnVm8Ui+e5IJ+5VZ4e32eQ==}

  ngraph.forcelayout@3.3.1:
    resolution: {integrity: sha512-MKBuEh1wujyQHFTW57y5vd/uuEOK0XfXYxm3lC7kktjJLRdt/KEKEknyOlc6tjXflqBKEuYBBcu7Ax5VY+S6aw==}

  ngraph.graph@20.0.1:
    resolution: {integrity: sha512-VFsQ+EMkT+7lcJO1QP8Ik3w64WbHJl27Q53EO9hiFU9CRyxJ8HfcXtfWz/U8okuoYKDctbciL6pX3vG5dt1rYA==}

  ngraph.merge@1.0.0:
    resolution: {integrity: sha512-5J8YjGITUJeapsomtTALYsw7rFveYkM+lBj3QiYZ79EymQcuri65Nw3knQtFxQBU1r5iOaVRXrSwMENUPK62Vg==}

  ngraph.random@1.1.0:
    resolution: {integrity: sha512-h25UdUN/g8U7y29TzQtRm/GvGr70lK37yQPvPKXXuVfs7gCm82WipYFZcksQfeKumtOemAzBIcT7lzzyK/edLw==}

  nice-color-palettes@3.0.0:
    resolution: {integrity: sha512-lL4AjabAAFi313tjrtmgm/bxCRzp4l3vCshojfV/ij3IPdtnRqv6Chcw+SqJUhbe7g3o3BecaqCJYUNLswGBhQ==}
    hasBin: true

  nipplejs@0.10.2:
    resolution: {integrity: sha512-XGxFY8C2DOtobf1fK+MXINTzkkXJLjZDDpfQhOUZf4TSytbc9s4bmA0lB9eKKM8iDivdr9NQkO7DpIQfsST+9g==}

  normalize-url@4.5.1:
    resolution: {integrity: sha512-9UZCFRHQdNrfTpGg8+1INIg93B6zE0aXMVFkw1WFwvO4SlZywU6aLg5Of0Ap/PgcbSw4LNxvMWXMeugwMCX0AA==}
    engines: {node: '>=8'}

  nosleep.js@0.7.0:
    resolution: {integrity: sha512-Z4B1HgvzR+en62ghwZf6BwAR6x4/pjezsiMcbF9KMLh7xoscpoYhaSXfY3lLkqC68AtW+/qLJ1lzvBIj0FGaTA==}

  object-assign@4.1.1:
    resolution: {integrity: sha512-rJgTQnkUnH1sFw8yT6VSU3zD3sWmu6sZhIseY8VX+GRu3P6F7Fu+JNDoXfklElbLJSnc3FUQHVe4cU5hj+BcUg==}
    engines: {node: '>=0.10.0'}

  once@1.3.3:
    resolution: {integrity: sha512-6vaNInhu+CHxtONf3zw3vq4SP2DOQhjBvIa3rNcG0+P7eKWlYH6Peu7rHizSloRU2EwMz6GraLieis9Ac9+p1w==}

  once@1.4.0:
    resolution: {integrity: sha512-lNaJgI+2Q5URQBkccEKHTQOPaXdUxnZZElQTZY0MFUAuaEqe1E+Nyvgdz/aIyNi6Z9MzO5dv1H8n58/GELp3+w==}

  p-cancelable@1.1.0:
    resolution: {integrity: sha512-s73XxOZ4zpt1edZYZzvhqFa6uvQc1vwUa0K0BdtIZgQMAJj9IbebH+JkgKZc9h+B05PKHLOTl4ajG1BmNrVZlw==}
    engines: {node: '>=6'}

  parse-bmfont-ascii@1.0.6:
    resolution: {integrity: sha512-U4RrVsUFCleIOBsIGYOMKjn9PavsGOXxbvYGtMOEfnId0SVNsgehXh1DxUdVPLoxd5mvcEtvmKs2Mmf0Mpa1ZA==}

  parse-bmfont-binary@1.0.6:
    resolution: {integrity: sha512-GxmsRea0wdGdYthjuUeWTMWPqm2+FAd4GI8vCvhgJsFnoGhTrLhXDDupwTo7rXVAgaLIGoVHDZS9p/5XbSqeWA==}

  parse-bmfont-xml@1.1.6:
    resolution: {integrity: sha512-0cEliVMZEhrFDwMh4SxIyVJpqYoOWDJ9P895tFuS+XuNzI5UBmBk5U5O4KuJdTnZpSBI4LFA2+ZiJaiwfSwlMA==}

  parse-entities@2.0.0:
    resolution: {integrity: sha512-kkywGpCcRYhqQIchaWqZ875wzpS/bMKhz5HnN3p7wveJTkTtyAB/AlnS0f8DFSqYW1T82t6yEAkEcB+A1I3MbQ==}

  parse-headers@2.0.5:
    resolution: {integrity: sha512-ft3iAoLOB/MlwbNXgzy43SWGP6sQki2jQvAyBg/zDFAgr9bfNWZIUj42Kw2eJIl8kEi4PbgE6U1Zau/HwI75HA==}

  phin@3.7.1:
    resolution: {integrity: sha512-GEazpTWwTZaEQ9RhL7Nyz0WwqilbqgLahDM3D0hxWwmVDI52nXEybHqiN6/elwpkJBhcuj+WbBu+QfT0uhPGfQ==}
    engines: {node: '>= 8'}

  polished@4.3.1:
    resolution: {integrity: sha512-OBatVyC/N7SCW/FaDHrSd+vn0o5cS855TOmYi4OkdWUMSJCET/xip//ch8xGUvtr3i44X9LVyWwQlRMTN3pwSA==}
    engines: {node: '>=10'}

  prepend-http@2.0.0:
    resolution: {integrity: sha512-ravE6m9Atw9Z/jjttRUZ+clIXogdghyZAuWJ3qEzjT+jI/dL1ifAqhZeC5VHzQp1MSt1+jxKkFNemj/iO7tVUA==}
    engines: {node: '>=4'}

  prismjs@1.27.0:
    resolution: {integrity: sha512-t13BGPUlFDR7wRB5kQDG4jjl7XeuH6jbJGt11JHPL96qwsEHNX2+68tFXqc1/k+/jALsbSWJKUOT/hcYAZ5LkA==}
    engines: {node: '>=6'}

  prismjs@1.29.0:
    resolution: {integrity: sha512-Kx/1w86q/epKcmte75LNrEoT+lX8pBpavuAbvJWRXar7Hz8jrtF+e3vY751p0R8H9HdArwaCTNDDzHg/ScJK1Q==}
    engines: {node: '>=6'}

  process@0.11.10:
    resolution: {integrity: sha512-cdGef/drWFoydD1JsMzuFf8100nZl+GT+yacc2bEced5f9Rjk4z+WtFUTBu9PhOi9j/jfmBPu0mMEY4wIdAF8A==}
    engines: {node: '>= 0.6.0'}

  prop-types@15.8.1:
    resolution: {integrity: sha512-oj87CgZICdulUohogVAR7AjlC0327U4el4L6eAvOqCeudMDVU0NThNaV+b9Df4dXgSP1gXMTnPdhfe/2qDH5cg==}

  property-information@5.6.0:
    resolution: {integrity: sha512-YUHSPk+A30YPv+0Qf8i9Mbfe/C0hdPXk1s1jPVToV8pk8BQtpw10ct89Eo7OWkutrwqvT0eicAxlOg3dOAu8JA==}

  pump@3.0.2:
    resolution: {integrity: sha512-tUPXtzlGM8FE3P0ZL6DVs/3P58k9nk8/jZeQCurTJylQA8qFYzHFfhBJkuqyE0FifOsQ0uKWekiZ5g8wtr28cw==}

  quad-indices@2.0.1:
    resolution: {integrity: sha512-6jtmCsEbGAh5npThXrBaubbTjPcF0rMbn57XCJVI7LkW8PUT56V+uIrRCCWCn85PSgJC9v8Pm5tnJDwmOBewvA==}

  react-force-graph@1.44.5:
    resolution: {integrity: sha512-nOoJWkiGBaI/bt+LeQdLod4Avwz0GM1cOAnvl1S/KTrSLJOoE5abuK5hnkjV93o47cuJpCkHZ7SvAp7Ly3/NRw==}
    engines: {node: '>=12'}
    peerDependencies:
      react: '*'

  react-is@16.13.1:
    resolution: {integrity: sha512-24e6ynE2H+OKt4kqsOvNd8kBpV65zoxbA4BVsEOB3ARVWQki/DHzaUoC5KuON/BiccDaCCTZBuOcfZs70kR8bQ==}

  react-kapsule@2.4.1:
    resolution: {integrity: sha512-dAPhdUHZWbCH46lF2wHSqtJ3bdmNCYiV10v7QBgzYGAVMup/SZt6WHgP0PzURQvinVRKpq6PmsO4af1W37mQdg==}
    engines: {node: '>=12'}
    peerDependencies:
      react: '>=16.13.1'

  react-syntax-highlighter@15.5.0:
    resolution: {integrity: sha512-+zq2myprEnQmH5yw6Gqc8lD55QHnpKaU8TOcFeC/Lg/MQSs8UknEA0JC4nTZGFAXC2J2Hyj/ijJ7NlabyPi2gg==}
    peerDependencies:
      react: '>= 0.14.0'

  react@18.3.1:
    resolution: {integrity: sha512-wS+hAgJShR0KhEvPJArfuPVN1+Hz1t0Y6n5jLrGQbkb4urgPE/0Rve+1kMB1v/oWgHgm4WIcV+i7F2pTVj+2iQ==}
    engines: {node: '>=0.10.0'}

  refractor@3.6.0:
    resolution: {integrity: sha512-MY9W41IOWxxk31o+YvFCNyNzdkc9M20NoZK5vq6jkv4I/uh2zkWcfudj0Q1fovjUQJrNewS9NMzeTtqPf+n5EA==}

  regenerator-runtime@0.14.1:
    resolution: {integrity: sha512-dYnhHh0nJoMfnkZs6GmmhFknAGRrLznOu5nc9ML+EJxGvrx6H7teuevqVqCuPcPK//3eDrrjQhehXVx9cnkGdw==}

  responselike@1.0.2:
    resolution: {integrity: sha512-/Fpe5guzJk1gPqdJLJR5u7eG/gNY4nImjbRDaVWVMRhne55TCmj2i9Q+54PBRfatRC8v/rIiv9BN0pMd9OV5EQ==}

  sax@1.4.1:
    resolution: {integrity: sha512-+aWOz7yVScEGoKNd4PA10LZ8sk0A/z5+nXQG5giUO5rprX9jgYsTdov9qCchZiPIZezbZH+jRut8nPodFAX4Jg==}

  space-separated-tokens@1.1.5:
    resolution: {integrity: sha512-q/JSVd1Lptzhf5bkYm4ob4iWPjx0KiRe3sRFBNrVqbJkFaBm5vbbowy1mymoPNLRa52+oadOhJ+K49wsSeSjTA==}

  super-animejs@3.1.0:
    resolution: {integrity: sha512-6MFAFJDRuvwkovxQZPruuyHinTa4rgj4hNLOndjcYYhZLckoXtVRY9rJPuq8p6c/tgZJrFYEAYAfJ2/hhNtUCA==}

  super-three@0.164.0:
    resolution: {integrity: sha512-yMtOkw2hSXfIvGlwcghCbhHGsKRAmh8ksDeOo/0HI7KlEVoIYKHiYLYe9GF6QBViNwzKGpMIz77XUDRveZ4XJg==}

  three-bmfont-text@https://codeload.github.com/dmarcos/three-bmfont-text/tar.gz/eed4878795be9b3e38cf6aec6b903f56acd1f695:
    resolution: {tarball: https://codeload.github.com/dmarcos/three-bmfont-text/tar.gz/eed4878795be9b3e38cf6aec6b903f56acd1f695}
    version: 3.0.0

  three-forcegraph@1.41.14:
    resolution: {integrity: sha512-W/cZElLXO0l6ffdMmDakh4bUGSYuSv/YxInOHMN9KAQgDwJ8904SOBh8qkTnGu7UPsi0mAsrUgkfViW8heloTA==}
    engines: {node: '>=12'}
    peerDependencies:
      three: '>=0.118.3'

  three-pathfinding@1.3.0:
    resolution: {integrity: sha512-LKxMI3/YqdMYvt6AdE2vB6s5ueDFczt/DWoxhtPNgRsH6E0D8LMYQxz+eIrmKo0MQpDvMVzXYUMBk+b86+k97w==}
    peerDependencies:
      three: 0.x.x

  three-render-objects@1.29.5:
    resolution: {integrity: sha512-OLtETrjF184NuaaI/vpRlIP9FxVNAgBBCgWYXhGFUDnPdl/2iX8rialUPGA1gEXvOTiKyepArVgm1LUkJw15rQ==}
    engines: {node: '>=12'}
    peerDependencies:
      three: '*'

  three@0.164.1:
    resolution: {integrity: sha512-iC/hUBbl1vzFny7f5GtqzVXYjMJKaTPxiCxXfrvVdBi1Sf+jhd1CAkitiFwC7mIBFCo3MrDLJG97yisoaWig0w==}

  three@0.169.0:
    resolution: {integrity: sha512-Ed906MA3dR4TS5riErd4QBsRGPcx+HBDX2O5yYE5GqJeFQTPU+M56Va/f/Oph9X7uZo3W3o4l2ZhBZ6f6qUv0w==}

  tinycolor2@1.6.0:
    resolution: {integrity: sha512-XPaBkWQJdsf3pLKJV9p4qN/S+fm2Oj8AIPo1BTUhg5oxkvm9+SVEGFdhyOz7tTdUTfvxMiAs4sp6/eZO2Ew+pw==}

  to-readable-stream@1.0.0:
    resolution: {integrity: sha512-Iq25XBt6zD5npPhlLVXGFN3/gyR2/qODcKNNyTMd4vbm39HUaOiAM4PMq0eMVC/Tkxz+Zjdsc55g9yyz+Yq00Q==}
    engines: {node: '>=6'}

  undici-types@6.19.8:
    resolution: {integrity: sha512-ve2KP6f/JnbPBFyobGHuerC9g1FYGn/F8n1LWTwNxCEzd6IfqTwUQcNXgEtmmQ6DlRrC1hrSrBnCZPokRrDHjw==}

  url-parse-lax@3.0.0:
    resolution: {integrity: sha512-NjFKA0DidqPa5ciFcSrXnAltTtzz84ogy+NebPvfEgAck0+TNg4UJ4IN+fB7zRZfbgUf0syOo9MDxFkDSMuFaQ==}
    engines: {node: '>=4'}

  webvr-polyfill-dpdb@1.0.18:
    resolution: {integrity: sha512-O0S1ZGEWyPvyZEkS2VbyV7mtir/NM9MNK3EuhbHPoJ8EHTky2pTXehjIl+IiDPr+Lldgx129QGt3NGly7rwRPw==}

  webvr-polyfill@0.10.12:
    resolution: {integrity: sha512-trDJEVUQnRIVAnmImjEQ0BlL1NfuWl8+eaEdu+bs4g59c7OtETi/5tFkgEFDRaWEYwHntXs/uFF3OXZuutNGGA==}

  word-wrapper@1.0.7:
    resolution: {integrity: sha512-VOPBFCm9b6FyYKQYfn9AVn2dQvdR/YOVFV6IBRA1TBMJWKffvhEX1af6FMGrttILs2Q9ikCRhLqkbY2weW6dOQ==}

  wrappy@1.0.2:
    resolution: {integrity: sha512-l4Sp/DRseor9wL6EvV2+TuQn63dMkPjZ/sp9XkghTEbV9KlPS1xUsZ3u7/IQO4wxtcFB4bgpQPRcR3QCvezPcQ==}

  xhr@2.6.0:
    resolution: {integrity: sha512-/eCGLb5rxjx5e3mF1A7s+pLlR6CGyqWN91fv1JgER5mVWg1MZmlhBvy9kjcsOdRk8RrIujotWyJamfyrp+WIcA==}

  xml-parse-from-string@1.0.1:
    resolution: {integrity: sha512-ErcKwJTF54uRzzNMXq2X5sMIy88zJvfN2DmdoQvy7PAFJ+tPRU6ydWuOKNMyfmOjdyBQTFREi60s0Y0SyI0G0g==}

  xml2js@0.5.0:
    resolution: {integrity: sha512-drPFnkQJik/O+uPKpqSgr22mpuFHqKdbS835iAQrUC73L2F5WkboIRd63ai/2Yg6I1jzifPFKH2NTK+cfglkIA==}
    engines: {node: '>=4.0.0'}

  xmlbuilder@11.0.1:
    resolution: {integrity: sha512-fDlsI/kFEx7gLvbecc0/ohLG50fugQp8ryHzMTuW9vSa1GJ0XYWKnhsUx7oie3G98+r56aTQIUB4kht42R3JvA==}
    engines: {node: '>=4.0'}

  xtend@4.0.2:
    resolution: {integrity: sha512-LKYU1iAXJXUgAXn9URjiu+MWhyUXHsvfp7mcuYm9dSUKK0/CjtrUwFAxD82/mCWbtLsGjFIad0wIsod4zrTAEQ==}
    engines: {node: '>=0.4'}

snapshots:

  3d-force-graph-ar@1.8.4(three@0.169.0):
    dependencies:
      aframe-forcegraph-component: 3.0.8(three@0.169.0)
      kapsule: 1.14.6
    transitivePeerDependencies:
      - three

  3d-force-graph-vr@2.2.5(three@0.169.0):
    dependencies:
      accessor-fn: 1.5.1
      aframe: 1.6.0
      aframe-extras: 7.5.1
      aframe-forcegraph-component: 3.0.8(three@0.169.0)
      kapsule: 1.14.6
      polished: 4.3.1
    transitivePeerDependencies:
      - supports-color
      - three

  3d-force-graph@1.73.4:
    dependencies:
      accessor-fn: 1.5.1
      kapsule: 1.14.6
      three: 0.169.0
      three-forcegraph: 1.41.14(three@0.169.0)
      three-render-objects: 1.29.5(three@0.169.0)

  '@babel/runtime@7.25.7':
    dependencies:
      regenerator-runtime: 0.14.1

  '@sindresorhus/is@0.14.0': {}

  '@szmarczak/http-timer@1.1.2':
    dependencies:
      defer-to-connect: 1.1.3

  '@tweenjs/tween.js@25.0.0': {}

  '@types/hast@2.3.10':
    dependencies:
      '@types/unist': 2.0.11

  '@types/keyv@3.1.4':
    dependencies:
      '@types/node': 22.7.5

  '@types/node@22.7.5':
    dependencies:
      undici-types: 6.19.8

  '@types/prop-types@15.7.13': {}

  '@types/react-syntax-highlighter@15.5.13':
    dependencies:
      '@types/react': 18.3.11

  '@types/react@18.3.11':
    dependencies:
      '@types/prop-types': 15.7.13
      csstype: 3.1.3

  '@types/responselike@1.0.3':
    dependencies:
      '@types/node': 22.7.5

  '@types/unist@2.0.11': {}

  accessor-fn@1.5.1: {}

  aframe-extras@7.5.1:
    dependencies:
      nipplejs: 0.10.2
      three: 0.164.1
      three-pathfinding: 1.3.0(three@0.164.1)

  aframe-forcegraph-component@3.0.8(three@0.169.0):
    dependencies:
      accessor-fn: 1.5.1
      three-forcegraph: 1.41.14(three@0.169.0)
    transitivePeerDependencies:
      - three

  aframe@1.6.0:
    dependencies:
      buffer: 6.0.3
      debug: 4.3.7
      deep-assign: 2.0.0
      load-bmfont: 1.4.2(debug@4.3.7)
      super-animejs: 3.1.0
      three: super-three@0.164.0
      three-bmfont-text: https://codeload.github.com/dmarcos/three-bmfont-text/tar.gz/eed4878795be9b3e38cf6aec6b903f56acd1f695
      webvr-polyfill: 0.10.12
    transitivePeerDependencies:
      - supports-color

  an-array@1.0.0: {}

  array-shuffle@1.0.1: {}

  as-number@1.0.0: {}

  base64-js@1.5.1: {}

  bezier-js@6.1.4: {}

  buffer-equal@0.0.1: {}

  buffer@6.0.3:
    dependencies:
      base64-js: 1.5.1
      ieee754: 1.2.1

  cacheable-request@6.1.0:
    dependencies:
      clone-response: 1.0.3
      get-stream: 5.2.0
      http-cache-semantics: 4.1.1
      keyv: 3.1.0
      lowercase-keys: 2.0.0
      normalize-url: 4.5.1
      responselike: 1.0.2

  canvas-color-tracker@1.3.1:
    dependencies:
      tinycolor2: 1.6.0

  cardboard-vr-display@1.0.19:
    dependencies:
      gl-preserve-state: 1.0.0
      nosleep.js: 0.7.0
      webvr-polyfill-dpdb: 1.0.18

  centra@2.7.0(debug@4.3.7):
    dependencies:
      follow-redirects: 1.15.9(debug@4.3.7)
    transitivePeerDependencies:
      - debug

  character-entities-legacy@1.1.4: {}

  character-entities@1.2.4: {}

  character-reference-invalid@1.1.4: {}

  clone-response@1.0.3:
    dependencies:
      mimic-response: 1.0.1

  comma-separated-tokens@1.0.8: {}

  csstype@3.1.3: {}

  d3-array@3.2.4:
    dependencies:
      internmap: 2.0.3

  d3-binarytree@1.0.2: {}

  d3-color@3.1.0: {}

  d3-dispatch@3.0.1: {}

  d3-drag@3.0.0:
    dependencies:
      d3-dispatch: 3.0.1
      d3-selection: 3.0.0

  d3-ease@3.0.1: {}

  d3-force-3d@3.0.5:
    dependencies:
      d3-binarytree: 1.0.2
      d3-dispatch: 3.0.1
      d3-octree: 1.0.2
      d3-quadtree: 3.0.1
      d3-timer: 3.0.1

  d3-force@3.0.0:
    dependencies:
      d3-dispatch: 3.0.1
      d3-quadtree: 3.0.1
      d3-timer: 3.0.1

  d3-format@3.1.0: {}

  d3-interpolate@3.0.1:
    dependencies:
      d3-color: 3.1.0

  d3-octree@1.0.2: {}

  d3-quadtree@3.0.1: {}

  d3-scale-chromatic@3.1.0:
    dependencies:
      d3-color: 3.1.0
      d3-interpolate: 3.0.1

  d3-scale@4.0.2:
    dependencies:
      d3-array: 3.2.4
      d3-format: 3.1.0
      d3-interpolate: 3.0.1
      d3-time: 3.1.0
      d3-time-format: 4.1.0

  d3-selection@3.0.0: {}

  d3-time-format@4.1.0:
    dependencies:
      d3-time: 3.1.0

  d3-time@3.1.0:
    dependencies:
      d3-array: 3.2.4

  d3-timer@3.0.1: {}

  d3-transition@3.0.1(d3-selection@3.0.0):
    dependencies:
      d3-color: 3.1.0
      d3-dispatch: 3.0.1
      d3-ease: 3.0.1
      d3-interpolate: 3.0.1
      d3-selection: 3.0.0
      d3-timer: 3.0.1

  d3-zoom@3.0.0:
    dependencies:
      d3-dispatch: 3.0.1
      d3-drag: 3.0.0
      d3-interpolate: 3.0.1
      d3-selection: 3.0.0
      d3-transition: 3.0.1(d3-selection@3.0.0)

  data-joint@1.3.1:
    dependencies:
      index-array-by: 1.4.2

  debug@4.3.7:
    dependencies:
      ms: 2.1.3

  decompress-response@3.3.0:
    dependencies:
      mimic-response: 1.0.1

  deep-assign@2.0.0:
    dependencies:
      is-obj: 1.0.1

  defer-to-connect@1.1.3: {}

  dom-walk@0.1.2: {}

  dtype@2.0.0: {}

  duplexer3@0.1.5: {}

  end-of-stream@1.4.4:
    dependencies:
      once: 1.4.0

  fault@1.0.4:
    dependencies:
      format: 0.2.2

  follow-redirects@1.15.9(debug@4.3.7):
    optionalDependencies:
      debug: 4.3.7

  force-graph@1.44.1:
    dependencies:
      '@tweenjs/tween.js': 25.0.0
      accessor-fn: 1.5.1
      bezier-js: 6.1.4
      canvas-color-tracker: 1.3.1
      d3-array: 3.2.4
      d3-drag: 3.0.0
      d3-force-3d: 3.0.5
      d3-scale: 4.0.2
      d3-scale-chromatic: 3.1.0
      d3-selection: 3.0.0
      d3-zoom: 3.0.0
      index-array-by: 1.4.2
      kapsule: 1.14.6
      lodash-es: 4.17.21

  format@0.2.2: {}

  fromentries@1.3.2: {}

  get-stream@4.1.0:
    dependencies:
      pump: 3.0.2

  get-stream@5.2.0:
    dependencies:
      pump: 3.0.2

  gl-preserve-state@1.0.0: {}

  global@4.4.0:
    dependencies:
      min-document: 2.19.0
      process: 0.11.10

  got@9.6.0:
    dependencies:
      '@sindresorhus/is': 0.14.0
      '@szmarczak/http-timer': 1.1.2
      '@types/keyv': 3.1.4
      '@types/responselike': 1.0.3
      cacheable-request: 6.1.0
      decompress-response: 3.3.0
      duplexer3: 0.1.5
      get-stream: 4.1.0
      lowercase-keys: 1.0.1
      mimic-response: 1.0.1
      p-cancelable: 1.1.0
      to-readable-stream: 1.0.0
      url-parse-lax: 3.0.0

  hast-util-parse-selector@2.2.5: {}

  hastscript@6.0.0:
    dependencies:
      '@types/hast': 2.3.10
      comma-separated-tokens: 1.0.8
      hast-util-parse-selector: 2.2.5
      property-information: 5.6.0
      space-separated-tokens: 1.1.5

  highlight.js@10.7.3: {}

  http-cache-semantics@4.1.1: {}

  ieee754@1.2.1: {}

  index-array-by@1.4.2: {}

  internmap@2.0.3: {}

  is-alphabetical@1.0.4: {}

  is-alphanumerical@1.0.4:
    dependencies:
      is-alphabetical: 1.0.4
      is-decimal: 1.0.4

  is-buffer@1.1.6: {}

  is-decimal@1.0.4: {}

  is-function@1.0.2: {}

  is-hexadecimal@1.0.4: {}

  is-obj@1.0.1: {}

  jerrypick@1.1.1: {}

  js-tokens@4.0.0: {}

  json-buffer@3.0.0: {}

  kapsule@1.14.6:
    dependencies:
      lodash-es: 4.17.21

  keyv@3.1.0:
    dependencies:
      json-buffer: 3.0.0

  layout-bmfont-text@1.3.4:
    dependencies:
      as-number: 1.0.0
      word-wrapper: 1.0.7
      xtend: 4.0.2

  load-bmfont@1.4.2(debug@4.3.7):
    dependencies:
      buffer-equal: 0.0.1
      mime: 1.6.0
      parse-bmfont-ascii: 1.0.6
      parse-bmfont-binary: 1.0.6
      parse-bmfont-xml: 1.1.6
      phin: 3.7.1(debug@4.3.7)
      xhr: 2.6.0
      xtend: 4.0.2
    transitivePeerDependencies:
      - debug

  lodash-es@4.17.21: {}

  loose-envify@1.4.0:
    dependencies:
      js-tokens: 4.0.0

  lowercase-keys@1.0.1: {}

  lowercase-keys@2.0.0: {}

  lowlight@1.20.0:
    dependencies:
      fault: 1.0.4
      highlight.js: 10.7.3

  map-limit@0.0.1:
    dependencies:
      once: 1.3.3

  mime@1.6.0: {}

  mimic-response@1.0.1: {}

  min-document@2.19.0:
    dependencies:
      dom-walk: 0.1.2

  minimist@1.2.8: {}

  ms@2.1.3: {}

  new-array@1.0.0: {}

  ngraph.events@1.2.2: {}

  ngraph.forcelayout@3.3.1:
    dependencies:
      ngraph.events: 1.2.2
      ngraph.merge: 1.0.0
      ngraph.random: 1.1.0

  ngraph.graph@20.0.1:
    dependencies:
      ngraph.events: 1.2.2

  ngraph.merge@1.0.0: {}

  ngraph.random@1.1.0: {}

  nice-color-palettes@3.0.0:
    dependencies:
      got: 9.6.0
      map-limit: 0.0.1
      minimist: 1.2.8
      new-array: 1.0.0

  nipplejs@0.10.2: {}

  normalize-url@4.5.1: {}

  nosleep.js@0.7.0: {}

  object-assign@4.1.1: {}

  once@1.3.3:
    dependencies:
      wrappy: 1.0.2

  once@1.4.0:
    dependencies:
      wrappy: 1.0.2

  p-cancelable@1.1.0: {}

  parse-bmfont-ascii@1.0.6: {}

  parse-bmfont-binary@1.0.6: {}

  parse-bmfont-xml@1.1.6:
    dependencies:
      xml-parse-from-string: 1.0.1
      xml2js: 0.5.0

  parse-entities@2.0.0:
    dependencies:
      character-entities: 1.2.4
      character-entities-legacy: 1.1.4
      character-reference-invalid: 1.1.4
      is-alphanumerical: 1.0.4
      is-decimal: 1.0.4
      is-hexadecimal: 1.0.4

  parse-headers@2.0.5: {}

  phin@3.7.1(debug@4.3.7):
    dependencies:
      centra: 2.7.0(debug@4.3.7)
    transitivePeerDependencies:
      - debug

  polished@4.3.1:
    dependencies:
      '@babel/runtime': 7.25.7

  prepend-http@2.0.0: {}

  prismjs@1.27.0: {}

  prismjs@1.29.0: {}

  process@0.11.10: {}

  prop-types@15.8.1:
    dependencies:
      loose-envify: 1.4.0
      object-assign: 4.1.1
      react-is: 16.13.1

  property-information@5.6.0:
    dependencies:
      xtend: 4.0.2

  pump@3.0.2:
    dependencies:
      end-of-stream: 1.4.4
      once: 1.4.0

  quad-indices@2.0.1:
    dependencies:
      an-array: 1.0.0
      dtype: 2.0.0
      is-buffer: 1.1.6

  react-force-graph@1.44.5(react@18.3.1)(three@0.169.0):
    dependencies:
      3d-force-graph: 1.73.4
      3d-force-graph-ar: 1.8.4(three@0.169.0)
      3d-force-graph-vr: 2.2.5(three@0.169.0)
      force-graph: 1.44.1
      prop-types: 15.8.1
      react: 18.3.1
      react-kapsule: 2.4.1(react@18.3.1)
    transitivePeerDependencies:
      - supports-color
      - three

  react-is@16.13.1: {}

  react-kapsule@2.4.1(react@18.3.1):
    dependencies:
      fromentries: 1.3.2
      jerrypick: 1.1.1
      react: 18.3.1

  react-syntax-highlighter@15.5.0(react@18.3.1):
    dependencies:
      '@babel/runtime': 7.25.7
      highlight.js: 10.7.3
      lowlight: 1.20.0
      prismjs: 1.29.0
      react: 18.3.1
      refractor: 3.6.0

  react@18.3.1:
    dependencies:
      loose-envify: 1.4.0

  refractor@3.6.0:
    dependencies:
      hastscript: 6.0.0
      parse-entities: 2.0.0
      prismjs: 1.27.0

  regenerator-runtime@0.14.1: {}

  responselike@1.0.2:
    dependencies:
      lowercase-keys: 1.0.1

  sax@1.4.1: {}

  space-separated-tokens@1.1.5: {}

  super-animejs@3.1.0: {}

  super-three@0.164.0: {}

  three-bmfont-text@https://codeload.github.com/dmarcos/three-bmfont-text/tar.gz/eed4878795be9b3e38cf6aec6b903f56acd1f695:
    dependencies:
      array-shuffle: 1.0.1
      layout-bmfont-text: 1.3.4
      nice-color-palettes: 3.0.0
      quad-indices: 2.0.1

  three-forcegraph@1.41.14(three@0.169.0):
    dependencies:
      accessor-fn: 1.5.1
      d3-array: 3.2.4
      d3-force-3d: 3.0.5
      d3-scale: 4.0.2
      d3-scale-chromatic: 3.1.0
      data-joint: 1.3.1
      kapsule: 1.14.6
      ngraph.forcelayout: 3.3.1
      ngraph.graph: 20.0.1
      three: 0.169.0
      tinycolor2: 1.6.0

  three-pathfinding@1.3.0(three@0.164.1):
    dependencies:
      three: 0.164.1

  three-render-objects@1.29.5(three@0.169.0):
    dependencies:
      '@tweenjs/tween.js': 25.0.0
      accessor-fn: 1.5.1
      kapsule: 1.14.6
      polished: 4.3.1
      three: 0.169.0

  three@0.164.1: {}

  three@0.169.0: {}

  tinycolor2@1.6.0: {}

  to-readable-stream@1.0.0: {}

  undici-types@6.19.8: {}

  url-parse-lax@3.0.0:
    dependencies:
      prepend-http: 2.0.0

  webvr-polyfill-dpdb@1.0.18: {}

  webvr-polyfill@0.10.12:
    dependencies:
      cardboard-vr-display: 1.0.19

  word-wrapper@1.0.7: {}

  wrappy@1.0.2: {}

  xhr@2.6.0:
    dependencies:
      global: 4.4.0
      is-function: 1.0.2
      parse-headers: 2.0.5
      xtend: 4.0.2

  xml-parse-from-string@1.0.1: {}

  xml2js@0.5.0:
    dependencies:
      sax: 1.4.1
      xmlbuilder: 11.0.1

  xmlbuilder@11.0.1: {}

  xtend@4.0.2: {}
